
Microsoft Visual Studio Solution File, Format Version 12.00
# Visual Studio Version 17
VisualStudioVersion = 17.4.33110.190
MinimumVisualStudioVersion = 10.0.40219.1
Project("{FAE04EC0-301F-11D3-BF4B-00C04F79EFBC}") = "Flights", "Flights\Flights.csproj", "{F521007C-913E-4445-B0B8-324DE4C99DF6}"
EndProject
Global
	GlobalSection(SolutionConfigurationPlatforms) = preSolution
		Debug|Any CPU = Debug|Any CPU
		Release|Any CPU = Release|Any CPU
	EndGlobalSection
	GlobalSection(ProjectConfigurationPlatforms) = postSolution
		{F521007C-913E-4445-B0B8-324DE4C99DF6}.Debug|Any CPU.ActiveCfg = Debug|Any CPU
		{F521007C-913E-4445-B0B8-324DE4C99DF6}.Debug|Any CPU.Build.0 = Debug|Any CPU
		{F521007C-913E-4445-B0B8-324DE4C99DF6}.Release|Any CPU.ActiveCfg = Release|Any CPU
		{F521007C-913E-4445-B0B8-324DE4C99DF6}.Release|Any CPU.Build.0 = Release|Any CPU
	EndGlobalSection
	GlobalSection(SolutionProperties) = preSolution
		HideSolutionNode = FALSE
	EndGlobalSection
	GlobalSection(ExtensibilityGlobals) = postSolution
		SolutionGuid = {3266162B-262A-4E99-BBA3-4897415D6C1B}
	EndGlobalSection
EndGlobal
